
Microsoft Visual Studio Solution File, Format Version 12.00
# Visual Studio Version 17
VisualStudioVersion = 17.8.34525.116
MinimumVisualStudioVersion = 10.0.40219.1
Project("{8BC9CEB8-8B4A-11D0-8D11-00A0C91BC942}") = "PointersArray", "PointersArray.vcxproj", "{F99EF095-1B2F-4983-8EE6-991ADE8A7E0C}"
EndProject
Global
	GlobalSection(SolutionConfigurationPlatforms) = preSolution
		Debug|x64 = Debug|x64
		Debug|x86 = Debug|x86
		Release|x64 = Release|x64
		Release|x86 = Release|x86
	EndGlobalSection
	GlobalSection(ProjectConfigurationPlatforms) = postSolution
		{F99EF095-1B2F-4983-8EE6-991ADE8A7E0C}.Debug|x64.ActiveCfg = Debug|x64
		{F99EF095-1B2F-4983-8EE6-991ADE8A7E0C}.Debug|x64.Build.0 = Debug|x64
		{F99EF095-1B2F-4983-8EE6-991ADE8A7E0C}.Debug|x86.ActiveCfg = Debug|Win32
		{F99EF095-1B2F-4983-8EE6-991ADE8A7E0C}.Debug|x86.Build.0 = Debug|Win32
		{F99EF095-1B2F-4983-8EE6-991ADE8A7E0C}.Release|x64.ActiveCfg = Release|x64
		{F99EF095-1B2F-4983-8EE6-991ADE8A7E0C}.Release|x64.Build.0 = Release|x64
		{F99EF095-1B2F-4983-8EE6-991ADE8A7E0C}.Release|x86.ActiveCfg = Release|Win32
		{F99EF095-1B2F-4983-8EE6-991ADE8A7E0C}.Release|x86.Build.0 = Release|Win32
	EndGlobalSection
	GlobalSection(SolutionProperties) = preSolution
		HideSolutionNode = FALSE
	EndGlobalSection
	GlobalSection(ExtensibilityGlobals) = postSolution
		SolutionGuid = {66A04BD4-4CD9-4DB6-9A64-35580E37968A}
	EndGlobalSection
EndGlobal
