
Microsoft Visual Studio Solution File, Format Version 12.00
# Visual Studio Version 17
VisualStudioVersion = 17.8.34525.116
MinimumVisualStudioVersion = 10.0.40219.1
Project("{8BC9CEB8-8B4A-11D0-8D11-00A0C91BC942}") = "UserInput", "UserInput.vcxproj", "{ACB964F9-F9E9-4A62-A7B3-48037536EDF9}"
EndProject
Global
	GlobalSection(SolutionConfigurationPlatforms) = preSolution
		Debug|x64 = Debug|x64
		Debug|x86 = Debug|x86
		Release|x64 = Release|x64
		Release|x86 = Release|x86
	EndGlobalSection
	GlobalSection(ProjectConfigurationPlatforms) = postSolution
		{ACB964F9-F9E9-4A62-A7B3-48037536EDF9}.Debug|x64.ActiveCfg = Debug|x64
		{ACB964F9-F9E9-4A62-A7B3-48037536EDF9}.Debug|x64.Build.0 = Debug|x64
		{ACB964F9-F9E9-4A62-A7B3-48037536EDF9}.Debug|x86.ActiveCfg = Debug|Win32
		{ACB964F9-F9E9-4A62-A7B3-48037536EDF9}.Debug|x86.Build.0 = Debug|Win32
		{ACB964F9-F9E9-4A62-A7B3-48037536EDF9}.Release|x64.ActiveCfg = Release|x64
		{ACB964F9-F9E9-4A62-A7B3-48037536EDF9}.Release|x64.Build.0 = Release|x64
		{ACB964F9-F9E9-4A62-A7B3-48037536EDF9}.Release|x86.ActiveCfg = Release|Win32
		{ACB964F9-F9E9-4A62-A7B3-48037536EDF9}.Release|x86.Build.0 = Release|Win32
	EndGlobalSection
	GlobalSection(SolutionProperties) = preSolution
		HideSolutionNode = FALSE
	EndGlobalSection
	GlobalSection(ExtensibilityGlobals) = postSolution
		SolutionGuid = {D0B9812F-1A52-497B-BDE4-9ACDDEA78BC6}
	EndGlobalSection
EndGlobal
